
Microsoft Visual Studio Solution File, Format Version 12.00
# Visual Studio Version 16
VisualStudioVersion = 16.0.30114.105
MinimumVisualStudioVersion = 10.0.40219.1
Project("{FAE04EC0-301F-11D3-BF4B-00C04F79EFBC}") = "PruebaTecnicaSodexo", "PruebaTecnicaSodexo\PruebaTecnicaSodexo.csproj", "{DC1F8E2F-30C2-42CD-BC20-D1CA6B6E6AA2}"
EndProject
Project("{FAE04EC0-301F-11D3-BF4B-00C04F79EFBC}") = "Data", "Data\Data.csproj", "{0F4BC227-702C-4A0F-9967-EB4DBD4217E2}"
EndProject
Project("{FAE04EC0-301F-11D3-BF4B-00C04F79EFBC}") = "Modelos", "Modelos\Modelos.csproj", "{8B63E617-B344-4086-87A8-CDD62E515790}"
EndProject
Global
	GlobalSection(SolutionConfigurationPlatforms) = preSolution
		Debug|Any CPU = Debug|Any CPU
		Release|Any CPU = Release|Any CPU
	EndGlobalSection
	GlobalSection(ProjectConfigurationPlatforms) = postSolution
		{DC1F8E2F-30C2-42CD-BC20-D1CA6B6E6AA2}.Debug|Any CPU.ActiveCfg = Debug|Any CPU
		{DC1F8E2F-30C2-42CD-BC20-D1CA6B6E6AA2}.Debug|Any CPU.Build.0 = Debug|Any CPU
		{DC1F8E2F-30C2-42CD-BC20-D1CA6B6E6AA2}.Release|Any CPU.ActiveCfg = Release|Any CPU
		{DC1F8E2F-30C2-42CD-BC20-D1CA6B6E6AA2}.Release|Any CPU.Build.0 = Release|Any CPU
		{0F4BC227-702C-4A0F-9967-EB4DBD4217E2}.Debug|Any CPU.ActiveCfg = Debug|Any CPU
		{0F4BC227-702C-4A0F-9967-EB4DBD4217E2}.Debug|Any CPU.Build.0 = Debug|Any CPU
		{0F4BC227-702C-4A0F-9967-EB4DBD4217E2}.Release|Any CPU.ActiveCfg = Release|Any CPU
		{0F4BC227-702C-4A0F-9967-EB4DBD4217E2}.Release|Any CPU.Build.0 = Release|Any CPU
		{8B63E617-B344-4086-87A8-CDD62E515790}.Debug|Any CPU.ActiveCfg = Debug|Any CPU
		{8B63E617-B344-4086-87A8-CDD62E515790}.Debug|Any CPU.Build.0 = Debug|Any CPU
		{8B63E617-B344-4086-87A8-CDD62E515790}.Release|Any CPU.ActiveCfg = Release|Any CPU
		{8B63E617-B344-4086-87A8-CDD62E515790}.Release|Any CPU.Build.0 = Release|Any CPU
	EndGlobalSection
	GlobalSection(SolutionProperties) = preSolution
		HideSolutionNode = FALSE
	EndGlobalSection
	GlobalSection(ExtensibilityGlobals) = postSolution
		SolutionGuid = {8451F81F-DD94-4E67-93D1-C431C418AD0E}
	EndGlobalSection
EndGlobal
